// !$*UTF8*$!
{
	archiveVersion = 1;
	classes = {
	};
	objectVersion = 46;
	objects = {

/* Begin PBXBuildFile section */
		730B05FB1DE6074700995F2F /* AppDelegate.swift in Sources */ = {isa = PBXBuildFile; fileRef = 730B05FA1DE6074700995F2F /* AppDelegate.swift */; };
		730B05FD1DE6074700995F2F /* ViewController.swift in Sources */ = {isa = PBXBuildFile; fileRef = 730B05FC1DE6074700995F2F /* ViewController.swift */; };
		730B06001DE6074700995F2F /* Main.storyboard in Resources */ = {isa = PBXBuildFile; fileRef = 730B05FE1DE6074700995F2F /* Main.storyboard */; };
		730B06021DE6074700995F2F /* Assets.xcassets in Resources */ = {isa = PBXBuildFile; fileRef = 730B06011DE6074700995F2F /* Assets.xcassets */; };
		730B06051DE6074700995F2F /* LaunchScreen.storyboard in Resources */ = {isa = PBXBuildFile; fileRef = 730B06031DE6074700995F2F /* LaunchScreen.storyboard */; };
		730B060D1DE61B7D00995F2F /* MapViewController.swift in Sources */ = {isa = PBXBuildFile; fileRef = 730B060C1DE61B7D00995F2F /* MapViewController.swift */; };
/* End PBXBuildFile section */

/* Begin PBXFileReference section */
		730B05F71DE6074700995F2F /* GitXcode.app */ = {isa = PBXFileReference; explicitFileType = wrapper.application; includeInIndex = 0; path = GitXcode.app; sourceTree = BUILT_PRODUCTS_DIR; };
		730B05FA1DE6074700995F2F /* AppDelegate.swift */ = {isa = PBXFileReference; lastKnownFileType = sourcecode.swift; path = AppDelegate.swift; sourceTree = "<group>"; };
		730B05FC1DE6074700995F2F /* ViewController.swift */ = {isa = PBXFileReference; lastKnownFileType = sourcecode.swift; path = ViewController.swift; sourceTree = "<group>"; };
		730B05FF1DE6074700995F2F /* Base */ = {isa = PBXFileReference; lastKnownFileType = file.storyboard; name = Base; path = Base.lproj/Main.storyboard; sourceTree = "<group>"; };
		730B06011DE6074700995F2F /* Assets.xcassets */ = {isa = PBXFileReference; lastKnownFileType = folder.assetcatalog; path = Assets.xcassets; sourceTree = "<group>"; };
		730B06041DE6074700995F2F /* Base */ = {isa = PBXFileReference; lastKnownFileType = file.storyboard; name = Base; path = Base.lproj/LaunchScreen.storyboard; sourceTree = "<group>"; };
		730B06061DE6074700995F2F /* Info.plist */ = {isa = PBXFileReference; lastKnownFileType = text.plist.xml; path = Info.plist; sourceTree = "<group>"; };
		730B060C1DE61B7D00995F2F /* MapViewController.swift */ = {isa = PBXFileReference; fileEncoding = 4; lastKnownFileType = sourcecode.swift; path = MapViewController.swift; sourceTree = "<group>"; };
/* End PBXFileReference section */

/* Begin PBXFrameworksBuildPhase section */
		730B05F41DE6074700995F2F /* Frameworks */ = {
			isa = PBXFrameworksBuildPhase;
			buildActionMask = 2147483647;
			files = (
			);
			runOnlyForDeploymentPostprocessing = 0;
		};
/* End PBXFrameworksBuildPhase section */

/* Begin PBXGroup section */
		730B05EE1DE6074700995F2F = {
			isa = PBXGroup;
			children = (
				730B05F91DE6074700995F2F /* GitXcode */,
				730B05F81DE6074700995F2F /* Products */,
			);
			sourceTree = "<group>";
		};
		730B05F81DE6074700995F2F /* Products */ = {
			isa = PBXGroup;
			children = (
				730B05F71DE6074700995F2F /* GitXcode.app */,
			);
			name = Products;
			sourceTree = "<group>";
		};
		730B05F91DE6074700995F2F /* GitXcode */ = {
			isa = PBXGroup;
			children = (
				730B05FA1DE6074700995F2F /* AppDelegate.swift */,
				730B05FC1DE6074700995F2F /* ViewController.swift */,
				730B060C1DE61B7D00995F2F /* MapViewController.swift */,
				730B05FE1DE6074700995F2F /* Main.storyboard */,
				730B06011DE6074700995F2F /* Assets.xcassets */,
				730B06031DE6074700995F2F /* LaunchScreen.storyboard */,
				730B06061DE6074700995F2F /* Info.plist */,
			);
			path = GitXcode;
			sourceTree = "<group>";
		};
/* End PBXGroup section */

/* Begin PBXNativeTarget section */
		730B05F61DE6074700995F2F /* GitXcode */ = {
			isa = PBXNativeTarget;
			buildConfigurationList = 730B06091DE6074700995F2F /* Build configuration list for PBXNativeTarget "GitXcode" */;
			buildPhases = (
				730B05F31DE6074700995F2F /* Sources */,
				730B05F41DE6074700995F2F /* Frameworks */,
				730B05F51DE6074700995F2F /* Resources */,
			);
			buildRules = (
			);
			dependencies = (
			);
			name = GitXcode;
			productName = GitXcode;
			productReference = 730B05F71DE6074700995F2F /* GitXcode.app */;
			productType = "com.apple.product-type.application";
		};
/* End PBXNativeTarget section */

/* Begin PBXProject section */
		730B05EF1DE6074700995F2F /* Project object */ = {
			isa = PBXProject;
			attributes = {
				LastSwiftUpdateCheck = 0810;
				LastUpgradeCheck = 0810;
				ORGANIZATIONNAME = "Carlos Alberto Savi";
				TargetAttributes = {
					730B05F61DE6074700995F2F = {
						CreatedOnToolsVersion = 8.1;
						DevelopmentTeam = Z52C2D469B;
						ProvisioningStyle = Automatic;
					};
				};
			};
			buildConfigurationList = 730B05F21DE6074700995F2F /* Build configuration list for PBXProject "GitXcode" */;
			compatibilityVersion = "Xcode 3.2";
			developmentRegion = English;
			hasScannedForEncodings = 0;
			knownRegions = (
				en,
				Base,
			);
			mainGroup = 730B05EE1DE6074700995F2F;
			productRefGroup = 730B05F81DE6074700995F2F /* Products */;
			projectDirPath = "";
			projectRoot = "";
			targets = (
				730B05F61DE6074700995F2F /* GitXcode */,
			);
		};
/* End PBXProject section */

/* Begin PBXResourcesBuildPhase section */
		730B05F51DE6074700995F2F /* Resources */ = {
			isa = PBXResourcesBuildPhase;
			buildActionMask = 2147483647;
			files = (
				730B06051DE6074700995F2F /* LaunchScreen.storyboard in Resources */,
				730B06021DE6074700995F2F /* Assets.xcassets in Resources */,
				730B06001DE6074700995F2F /* Main.storyboard in Resources */,
			);
			runOnlyForDeploymentPostprocessing = 0;
		};
/* End PBXResourcesBuildPhase section */

/* Begin PBXSourcesBuildPhase section */
		730B05F31DE6074700995F2F /* Sources */ = {
			isa = PBXSourcesBuildPhase;
			buildActionMask = 2147483647;
			files = (
				730B05FD1DE6074700995F2F /* ViewController.swift in Sources */,
				730B060D1DE61B7D00995F2F /* MapViewController.swift in Sources */,
				730B05FB1DE6074700995F2F /* AppDelegate.swift in Sources */,
			);
			runOnlyForDeploymentPostprocessing = 0;
		};
/* End PBXSourcesBuildPhase section */

/* Begin PBXVariantGroup section */
		730B05FE1DE6074700995F2F /* Main.storyboard */ = {
			isa = PBXVariantGroup;
			children = (
				730B05FF1DE6074700995F2F /* Base */,
			);
			name = Main.storyboard;
			sourceTree = "<group>";
		};
		730B06031DE6074700995F2F /* LaunchScreen.storyboard */ = {
			isa = PBXVariantGroup;
			children = (
				730B06041DE6074700995F2F /* Base */,
			);
			name = LaunchScreen.storyboard;
			sourceTree = "<group>";
		};
/* End PBXVariantGroup section */

/* Begin XCBuildConfiguration section */
		730B06071DE6074700995F2F /* Debug */ = {
			isa = XCBuildConfiguration;
			buildSettings = {
				ALWAYS_SEARCH_USER_PATHS = NO;
				CLANG_ANALYZER_NONNULL = YES;
				CLANG_CXX_LANGUAGE_STANDARD = "gnu++0x";
				CLANG_CXX_LIBRARY = "libc++";
				CLANG_ENABLE_MODULES = YES;
				CLANG_ENABLE_OBJC_ARC = YES;
				CLANG_WARN_BOOL_CONVERSION = YES;
				CLANG_WARN_CONSTANT_CONVERSION = YES;
				CLANG_WARN_DIRECT_OBJC_ISA_USAGE = YES_ERROR;
				CLANG_WARN_DOCUMENTATION_COMMENTS = YES;
				CLANG_WARN_EMPTY_BODY = YES;
				CLANG_WARN_ENUM_CONVERSION = YES;
				CLANG_WARN_INFINITE_RECURSION = YES;
				CLANG_WARN_INT_CONVERSION = YES;
				CLANG_WARN_OBJC_ROOT_CLASS = YES_ERROR;
				CLANG_WARN_SUSPICIOUS_MOVES = YES;
				CLANG_WARN_UNREACHABLE_CODE = YES;
				CLANG_WARN__DUPLICATE_METHOD_MATCH = YES;
				"CODE_SIGN_IDENTITY[sdk=iphoneos*]" = "iPhone Developer";
				COPY_PHASE_STRIP = NO;
				DEBUG_INFORMATION_FORMAT = dwarf;
				ENABLE_STRICT_OBJC_MSGSEND = YES;
				ENABLE_TESTABILITY = YES;
				GCC_C_LANGUAGE_STANDARD = gnu99;
				GCC_DYNAMIC_NO_PIC = NO;
				GCC_NO_COMMON_BLOCKS = YES;
				GCC_OPTIMIZATION_LEVEL = 0;
				GCC_PREPROCESSOR_DEFINITIONS = (
					"DEBUG=1",
					"$(inherited)",
				);
				GCC_WARN_64_TO_32_BIT_CONVERSION = YES;
				GCC_WARN_ABOUT_RETURN_TYPE = YES_ERROR;
				GCC_WARN_UNDECLARED_SELECTOR = YES;
				GCC_WARN_UNINITIALIZED_AUTOS = YES_AGGRESSIVE;
				GCC_WARN_UNUSED_FUNCTION = YES;
				GCC_WARN_UNUSED_VARIABLE = YES;
				IPHONEOS_DEPLOYMENT_TARGET = 10.1;
				MTL_ENABLE_DEBUG_INFO = YES;
				ONLY_ACTIVE_ARCH = YES;
				SDKROOT = iphoneos;
				SWIFT_ACTIVE_COMPILATION_CONDITIONS = DEBUG;
				SWIFT_OPTIMIZATION_LEVEL = "-Onone";
				TARGETED_DEVICE_FAMILY = "1,2";
			};
			name = Debug;
		};
		730B06081DE6074700995F2F /* Release */ = {
			isa = XCBuildConfiguration;
			buildSettings = {
				ALWAYS_SEARCH_USER_PATHS = NO;
				CLANG_ANALYZER_NONNULL = YES;
				CLANG_CXX_LANGUAGE_STANDARD = "gnu++0x";
				CLANG_CXX_LIBRARY = "libc++";
				CLANG_ENABLE_MODULES = YES;
				CLANG_ENABLE_OBJC_ARC = YES;
				CLANG_WARN_BOOL_CONVERSION = YES;
				CLANG_WARN_CONSTANT_CONVERSION = YES;
				CLANG_WARN_DIRECT_OBJC_ISA_USAGE = YES_ERROR;
				CLANG_WARN_DOCUMENTATION_COMMENTS = YES;
				CLANG_WARN_EMPTY_BODY = YES;
				CLANG_WARN_ENUM_CONVERSION = YES;
				CLANG_WARN_INFINITE_RECURSION = YES;
				CLANG_WARN_INT_CONVERSION = YES;
				CLANG_WARN_OBJC_ROOT_CLASS = YES_ERROR;
				CLANG_WARN_SUSPICIOUS_MOVES = YES;
				CLANG_WARN_UNREACHABLE_CODE = YES;
				CLANG_WARN__DUPLICATE_METHOD_MATCH = YES;
				"CODE_SIGN_IDENTITY[sdk=iphoneos*]" = "iPhone Developer";
				COPY_PHASE_STRIP = NO;
				DEBUG_INFORMATION_FORMAT = "dwarf-with-dsym";
				ENABLE_NS_ASSERTIONS = NO;
				ENABLE_STRICT_OBJC_MSGSEND = YES;
				GCC_C_LANGUAGE_STANDARD = gnu99;
				GCC_NO_COMMON_BLOCKS = YES;
				GCC_WARN_64_TO_32_BIT_CONVERSION = YES;
				GCC_WARN_ABOUT_RETURN_TYPE = YES_ERROR;
				GCC_WARN_UNDECLARED_SELECTOR = YES;
				GCC_WARN_UNINITIALIZED_AUTOS = YES_AGGRESSIVE;
				GCC_WARN_UNUSED_FUNCTION = YES;
				GCC_WARN_UNUSED_VARIABLE = YES;
				IPHONEOS_DEPLOYMENT_TARGET = 10.1;
				MTL_ENABLE_DEBUG_INFO = NO;
				SDKROOT = iphoneos;
				SWIFT_OPTIMIZATION_LEVEL = "-Owholemodule";
				TARGETED_DEVICE_FAMILY = "1,2";
				VALIDATE_PRODUCT = YES;
			};
			name = Release;
		};
		730B060A1DE6074700995F2F /* Debug */ = {
			isa = XCBuildConfiguration;
			buildSettings = {
				ASSETCATALOG_COMPILER_APPICON_NAME = AppIcon;
				DEVELOPMENT_TEAM = Z52C2D469B;
				INFOPLIST_FILE = GitXcode/Info.plist;
				LD_RUNPATH_SEARCH_PATHS = "$(inherited) @executable_path/Frameworks";
				PRODUCT_BUNDLE_IDENTIFIER = saviT.GitXcode;
				PRODUCT_NAME = "$(TARGET_NAME)";
				SWIFT_VERSION = 3.0;
			};
			name = Debug;
		};
		730B060B1DE6074700995F2F /* Release */ = {
			isa = XCBuildConfiguration;
			buildSettings = {
				ASSETCATALOG_COMPILER_APPICON_NAME = AppIcon;
				DEVELOPMENT_TEAM = Z52C2D469B;
				INFOPLIST_FILE = GitXcode/Info.plist;
				LD_RUNPATH_SEARCH_PATHS = "$(inherited) @executable_path/Frameworks";
				PRODUCT_BUNDLE_IDENTIFIER = saviT.GitXcode;
				PRODUCT_NAME = "$(TARGET_NAME)";
				SWIFT_VERSION = 3.0;
			};
			name = Release;
		};
/* End XCBuildConfiguration section */

/* Begin XCConfigurationList section */
		730B05F21DE6074700995F2F /* Build configuration list for PBXProject "GitXcode" */ = {
			isa = XCConfigurationList;
			buildConfigurations = (
				730B06071DE6074700995F2F /* Debug */,
				730B06081DE6074700995F2F /* Release */,
			);
			defaultConfigurationIsVisible = 0;
			defaultConfigurationName = Release;
		};
		730B06091DE6074700995F2F /* Build configuration list for PBXNativeTarget "GitXcode" */ = {
			isa = XCConfigurationList;
			buildConfigurations = (
				730B060A1DE6074700995F2F /* Debug */,
				730B060B1DE6074700995F2F /* Release */,
			);
			defaultConfigurationIsVisible = 0;
		};
/* End XCConfigurationList section */
	};
	rootObject = 730B05EF1DE6074700995F2F /* Project object */;
}
